{
    "_meta": {
        "hash": {
            "sha256": "59518be3443359c8388d8b052d08fbcdd05879dd162cae77632000ce5230c420"
        },
        "pipfile-spec": 6,
        "requires": {
            "python_version": "3.6"
        },
        "sources": [
            {
                "name": "pypi",
                "url": "https://pypi.org/simple",
                "verify_ssl": true
            }
        ]
    },
    "default": {
        "gitdb2": {
            "hashes": [
                "sha256:1b6df1433567a51a4a9c1a5a0de977aa351a405cc56d7d35f3388bad1f630350",
                "sha256:96bbb507d765a7f51eb802554a9cfe194a174582f772e0d89f4e87288c288b7b"
            ],
            "index": "pypi",
            "version": "==2.0.6"
        },
        "gitpython": {
            "hashes": [
                "sha256:947cc75913e7b6da108458136607e2ee0e40c20be1e12d4284e7c6c12956c276",
                "sha256:d2f4945f8260f6981d724f5957bc076398ada55cb5d25aaee10108bcdc894100"
            ],
            "index": "pypi",
            "version": "==3.0.2"
        },
        "pytz": {
            "hashes": [
                "sha256:26c0b32e437e54a18161324a2fca3c4b9846b74a8dccddd843113109e1116b32",
                "sha256:c894d57500a4cd2d5c71114aaab77dbab5eabd9022308ce5ac9bb93a60a6f0c7"
            ],
            "index": "pypi",
            "version": "==2019.2"
        },
        "smmap2": {
            "hashes": [
                "sha256:0555a7bf4df71d1ef4218e4807bbf9b201f910174e6e08af2e138d4e517b4dde",
                "sha256:29a9ffa0497e7f2be94ca0ed1ca1aa3cd4cf25a1f6b4f5f87f74b46ed91d609a"
            ],
            "index": "pypi",
            "version": "==2.0.5"
        }
    },
    "develop": {}
}
